<?xml version="1.0" encoding="utf-8"?>
<Project ToolsVersion="4.0" xmlns="http://schemas.microsoft.com/developer/msbuild/2003">
  <ItemGroup>
    <Filter Include="main">
      <UniqueIdentifier>{a177b4ce-e2d5-4e77-90ce-8306fc136ecb}</UniqueIdentifier>
    </Filter>
    <Filter Include="coresys">
      <UniqueIdentifier>{81099c3b-6872-4b3c-9a1e-b4e1b258b18e}</UniqueIdentifier>
    </Filter>
    <Filter Include="args">
      <UniqueIdentifier>{c551e8d3-d1de-464b-8055-bcd34245fda4}</UniqueIdentifier>
    </Filter>
  </ItemGroup>
  <ItemGroup>
    <ClCompile Include="aux_builder.cpp">
      <Filter>main</Filter>
    </ClCompile>
    <ClCompile Include="jni_builder.cpp">
      <Filter>main</Filter>
    </ClCompile>
    <ClCompile Include="kdu_hyperdoc.cpp">
      <Filter>main</Filter>
    </ClCompile>
    <ClCompile Include="mni_builder.cpp">
      <Filter>main</Filter>
    </ClCompile>
    <ClCompile Include="..\..\coresys\messaging\messaging.cpp">
      <Filter>coresys</Filter>
    </ClCompile>
    <ClCompile Include="..\args\args.cpp">
      <Filter>args</Filter>
    </ClCompile>
  </ItemGroup>
  <ItemGroup>
    <ClInclude Include="hyperdoc_local.h">
      <Filter>main</Filter>
    </ClInclude>
    <ClInclude Include="..\..\coresys\common\kdu_elementary.h">
      <Filter>coresys</Filter>
    </ClInclude>
    <ClInclude Include="..\..\coresys\common\kdu_messaging.h">
      <Filter>coresys</Filter>
    </ClInclude>
    <ClInclude Include="..\args\kdu_args.h">
      <Filter>args</Filter>
    </ClInclude>
  </ItemGroup>
</Project>