<?xml version="1.0" encoding="utf-8"?>
<Project ToolsVersion="4.0" xmlns="http://schemas.microsoft.com/developer/msbuild/2003">
  <ItemGroup>
    <Filter Include="main">
      <UniqueIdentifier>{8f7c3872-3373-488d-812e-822545044e4b}</UniqueIdentifier>
    </Filter>
    <Filter Include="coresys">
      <UniqueIdentifier>{b5ddde25-fe75-4339-9d33-5e6bef0490ee}</UniqueIdentifier>
    </Filter>
    <Filter Include="args">
      <UniqueIdentifier>{40c1722e-5a2a-4e41-b6e2-9815147249ba}</UniqueIdentifier>
    </Filter>
  </ItemGroup>
  <ItemGroup>
    <ClCompile Include="aux_builder.cpp">
      <Filter>main</Filter>
    </ClCompile>
    <ClCompile Include="jni_builder.cpp">
      <Filter>main</Filter>
    </ClCompile>
    <ClCompile Include="kdu_hyperdoc.cpp">
      <Filter>main</Filter>
    </ClCompile>
    <ClCompile Include="mni_builder.cpp">
      <Filter>main</Filter>
    </ClCompile>
    <ClCompile Include="..\..\coresys\messaging\messaging.cpp">
      <Filter>coresys</Filter>
    </ClCompile>
    <ClCompile Include="..\args\args.cpp">
      <Filter>args</Filter>
    </ClCompile>
  </ItemGroup>
  <ItemGroup>
    <ClInclude Include="hyperdoc_local.h">
      <Filter>main</Filter>
    </ClInclude>
    <ClInclude Include="..\..\coresys\common\kdu_elementary.h">
      <Filter>coresys</Filter>
    </ClInclude>
    <ClInclude Include="..\..\coresys\common\kdu_messaging.h">
      <Filter>coresys</Filter>
    </ClInclude>
    <ClInclude Include="..\args\kdu_args.h">
      <Filter>args</Filter>
    </ClInclude>
  </ItemGroup>
</Project>