<?xml version="1.0" encoding="utf-8"?>
<Project ToolsVersion="4.0" xmlns="http://schemas.microsoft.com/developer/msbuild/2003">
  <ItemGroup>
    <Filter Include="main">
      <UniqueIdentifier>{afbb63fd-4aae-4986-833e-5a0c629c1b57}</UniqueIdentifier>
    </Filter>
    <Filter Include="image">
      <UniqueIdentifier>{4eea419c-1823-445e-b32a-042e27f9b2fc}</UniqueIdentifier>
    </Filter>
    <Filter Include="args">
      <UniqueIdentifier>{2b55c7a3-c2c6-4e32-94f7-be6221fa79eb}</UniqueIdentifier>
    </Filter>
    <Filter Include="coresys">
      <UniqueIdentifier>{cd6e4631-cbdf-4030-a424-49a9617207a2}</UniqueIdentifier>
    </Filter>
    <Filter Include="compressed_io">
      <UniqueIdentifier>{d9e3993a-c7e8-4ff6-a8b3-339e0c6e44e1}</UniqueIdentifier>
    </Filter>
    <Filter Include="jp2">
      <UniqueIdentifier>{4f815df6-a50c-40e2-bd3f-b792c34b4505}</UniqueIdentifier>
    </Filter>
  </ItemGroup>
  <ItemGroup>
    <ClInclude Include="compress_local.h">
      <Filter>main</Filter>
    </ClInclude>
    <ClInclude Include="roi_sources.h">
      <Filter>main</Filter>
    </ClInclude>
    <ClInclude Include="..\image\image_local.h">
      <Filter>image</Filter>
    </ClInclude>
    <ClInclude Include="..\image\kdu_image.h">
      <Filter>image</Filter>
    </ClInclude>
    <ClInclude Include="..\image\kdu_tiff.h">
      <Filter>image</Filter>
    </ClInclude>
    <ClInclude Include="..\args\kdu_args.h">
      <Filter>args</Filter>
    </ClInclude>
    <ClInclude Include="..\..\coresys\common\kdu_arch.h">
      <Filter>coresys</Filter>
    </ClInclude>
    <ClInclude Include="..\..\coresys\common\kdu_compressed.h">
      <Filter>coresys</Filter>
    </ClInclude>
    <ClInclude Include="..\..\coresys\common\kdu_elementary.h">
      <Filter>coresys</Filter>
    </ClInclude>
    <ClInclude Include="..\..\coresys\common\kdu_messaging.h">
      <Filter>coresys</Filter>
    </ClInclude>
    <ClInclude Include="..\..\coresys\common\kdu_params.h">
      <Filter>coresys</Filter>
    </ClInclude>
    <ClInclude Include="..\..\coresys\common\kdu_roi_processing.h">
      <Filter>coresys</Filter>
    </ClInclude>
    <ClInclude Include="..\..\coresys\common\kdu_sample_processing.h">
      <Filter>coresys</Filter>
    </ClInclude>
    <ClInclude Include="..\..\coresys\common\kdu_threads.h">
      <Filter>coresys</Filter>
    </ClInclude>
    <ClInclude Include="..\..\coresys\common\kdu_utils.h">
      <Filter>coresys</Filter>
    </ClInclude>
    <ClInclude Include="..\compressed_io\jp2.h">
      <Filter>compressed_io</Filter>
    </ClInclude>
    <ClInclude Include="..\compressed_io\jpx.h">
      <Filter>compressed_io</Filter>
    </ClInclude>
    <ClInclude Include="..\compressed_io\kdu_cache.h">
      <Filter>compressed_io</Filter>
    </ClInclude>
    <ClInclude Include="..\compressed_io\kdu_file_io.h">
      <Filter>compressed_io</Filter>
    </ClInclude>
    <ClInclude Include="..\jp2\jp2_local.h">
      <Filter>jp2</Filter>
    </ClInclude>
    <ClInclude Include="..\jp2\jp2_shared.h">
      <Filter>jp2</Filter>
    </ClInclude>
    <ClInclude Include="..\jp2\jpx_local.h">
      <Filter>jp2</Filter>
    </ClInclude>
  </ItemGroup>
  <ItemGroup>
    <ClCompile Include="kdu_compress.cpp">
      <Filter>main</Filter>
    </ClCompile>
    <ClCompile Include="roi_sources.cpp">
      <Filter>main</Filter>
    </ClCompile>
    <ClCompile Include="..\image\image_in.cpp">
      <Filter>image</Filter>
    </ClCompile>
    <ClCompile Include="..\image\kdu_tiff.cpp">
      <Filter>image</Filter>
    </ClCompile>
    <ClCompile Include="..\image\palette.cpp">
      <Filter>image</Filter>
    </ClCompile>
    <ClCompile Include="..\args\args.cpp">
      <Filter>args</Filter>
    </ClCompile>
    <ClCompile Include="..\jp2\jp2.cpp">
      <Filter>jp2</Filter>
    </ClCompile>
    <ClCompile Include="..\jp2\jpx.cpp">
      <Filter>jp2</Filter>
    </ClCompile>
  </ItemGroup>
</Project>