<?xml version="1.0" encoding="utf-8"?>
<Project ToolsVersion="4.0" xmlns="http://schemas.microsoft.com/developer/msbuild/2003">
  <ItemGroup>
    <Filter Include="main">
      <UniqueIdentifier>{987d5fc6-07f4-462e-a48d-e0f6969a3791}</UniqueIdentifier>
    </Filter>
    <Filter Include="coresys">
      <UniqueIdentifier>{7f26e499-66af-4c71-8f81-9fee3b9755f2}</UniqueIdentifier>
    </Filter>
    <Filter Include="compressed_io">
      <UniqueIdentifier>{62c41fb4-d73f-4443-b8ca-02256d00f778}</UniqueIdentifier>
    </Filter>
    <Filter Include="support">
      <UniqueIdentifier>{2ce88127-9648-4628-b744-13bcf8032ae2}</UniqueIdentifier>
    </Filter>
  </ItemGroup>
  <ItemGroup>
    <ClCompile Include="simple_example_d.cpp">
      <Filter>main</Filter>
    </ClCompile>
    <ClCompile Include="..\support\kdu_stripe_decompressor.cpp">
      <Filter>support</Filter>
    </ClCompile>
  </ItemGroup>
  <ItemGroup>
    <ClInclude Include="..\..\coresys\common\kdu_compressed.h">
      <Filter>coresys</Filter>
    </ClInclude>
    <ClInclude Include="..\..\coresys\common\kdu_elementary.h">
      <Filter>coresys</Filter>
    </ClInclude>
    <ClInclude Include="..\..\coresys\common\kdu_messaging.h">
      <Filter>coresys</Filter>
    </ClInclude>
    <ClInclude Include="..\..\coresys\common\kdu_params.h">
      <Filter>coresys</Filter>
    </ClInclude>
    <ClInclude Include="..\..\coresys\common\kdu_sample_processing.h">
      <Filter>coresys</Filter>
    </ClInclude>
    <ClInclude Include="..\compressed_io\kdu_file_io.h">
      <Filter>compressed_io</Filter>
    </ClInclude>
    <ClInclude Include="..\support\kdu_stripe_decompressor.h">
      <Filter>support</Filter>
    </ClInclude>
    <ClInclude Include="..\support\stripe_decompressor_local.h">
      <Filter>support</Filter>
    </ClInclude>
  </ItemGroup>
</Project>