<?xml version="1.0" encoding="utf-8"?>
<Project ToolsVersion="4.0" xmlns="http://schemas.microsoft.com/developer/msbuild/2003">
  <ItemGroup>
    <Filter Include="main">
      <UniqueIdentifier>{3e830887-ce44-4e5b-8576-eeb2a1219f1a}</UniqueIdentifier>
    </Filter>
    <Filter Include="image">
      <UniqueIdentifier>{b17610bf-55d6-4b81-8dc8-475c1c9ae1cc}</UniqueIdentifier>
    </Filter>
    <Filter Include="args">
      <UniqueIdentifier>{4ce13ae6-771a-4204-9018-f380211a89d8}</UniqueIdentifier>
    </Filter>
    <Filter Include="coresys">
      <UniqueIdentifier>{7c75f7ec-422d-47c2-be39-14b9aafcef95}</UniqueIdentifier>
    </Filter>
    <Filter Include="compressed_io">
      <UniqueIdentifier>{a1aad242-0305-4a53-a23e-5d0875777ba6}</UniqueIdentifier>
    </Filter>
    <Filter Include="jp2">
      <UniqueIdentifier>{788ee3bd-c3fb-4d8c-8a5c-2d140fa971f0}</UniqueIdentifier>
    </Filter>
  </ItemGroup>
  <ItemGroup>
    <ClInclude Include="expand_local.h">
      <Filter>main</Filter>
    </ClInclude>
    <ClInclude Include="..\image\image_local.h">
      <Filter>image</Filter>
    </ClInclude>
    <ClInclude Include="..\image\kdu_image.h">
      <Filter>image</Filter>
    </ClInclude>
    <ClInclude Include="..\image\kdu_tiff.h">
      <Filter>image</Filter>
    </ClInclude>
    <ClInclude Include="..\args\kdu_args.h">
      <Filter>args</Filter>
    </ClInclude>
    <ClInclude Include="..\..\coresys\common\kdu_arch.h">
      <Filter>coresys</Filter>
    </ClInclude>
    <ClInclude Include="..\..\coresys\common\kdu_compressed.h">
      <Filter>coresys</Filter>
    </ClInclude>
    <ClInclude Include="..\..\coresys\common\kdu_elementary.h">
      <Filter>coresys</Filter>
    </ClInclude>
    <ClInclude Include="..\..\coresys\common\kdu_kernels.h">
      <Filter>coresys</Filter>
    </ClInclude>
    <ClInclude Include="..\..\coresys\common\kdu_messaging.h">
      <Filter>coresys</Filter>
    </ClInclude>
    <ClInclude Include="..\..\coresys\common\kdu_params.h">
      <Filter>coresys</Filter>
    </ClInclude>
    <ClInclude Include="..\..\coresys\common\kdu_sample_processing.h">
      <Filter>coresys</Filter>
    </ClInclude>
    <ClInclude Include="..\..\coresys\common\kdu_threads.h">
      <Filter>coresys</Filter>
    </ClInclude>
    <ClInclude Include="..\..\coresys\common\kdu_utils.h">
      <Filter>coresys</Filter>
    </ClInclude>
    <ClInclude Include="..\compressed_io\jp2.h">
      <Filter>compressed_io</Filter>
    </ClInclude>
    <ClInclude Include="..\compressed_io\jpx.h">
      <Filter>compressed_io</Filter>
    </ClInclude>
    <ClInclude Include="..\compressed_io\kdu_cache.h">
      <Filter>compressed_io</Filter>
    </ClInclude>
    <ClInclude Include="..\compressed_io\kdu_file_io.h">
      <Filter>compressed_io</Filter>
    </ClInclude>
    <ClInclude Include="..\jp2\jp2_local.h">
      <Filter>jp2</Filter>
    </ClInclude>
    <ClInclude Include="..\jp2\jp2_shared.h">
      <Filter>jp2</Filter>
    </ClInclude>
    <ClInclude Include="..\jp2\jpx_local.h">
      <Filter>jp2</Filter>
    </ClInclude>
  </ItemGroup>
  <ItemGroup>
    <ClCompile Include="kdu_expand.cpp">
      <Filter>main</Filter>
    </ClCompile>
    <ClCompile Include="..\image\image_out.cpp">
      <Filter>image</Filter>
    </ClCompile>
    <ClCompile Include="..\image\kdu_tiff.cpp">
      <Filter>image</Filter>
    </ClCompile>
    <ClCompile Include="..\args\args.cpp">
      <Filter>args</Filter>
    </ClCompile>
    <ClCompile Include="..\jp2\jp2.cpp">
      <Filter>jp2</Filter>
    </ClCompile>
    <ClCompile Include="..\jp2\jpx.cpp">
      <Filter>jp2</Filter>
    </ClCompile>
  </ItemGroup>
</Project>