<?xml version="1.0" encoding="utf-8"?>
<Project ToolsVersion="4.0" xmlns="http://schemas.microsoft.com/developer/msbuild/2003">
  <ItemGroup>
    <Filter Include="main">
      <UniqueIdentifier>{0e9264c3-5217-4e2b-9221-e974f806c648}</UniqueIdentifier>
    </Filter>
    <Filter Include="args">
      <UniqueIdentifier>{202f72a9-15a3-4e52-94f2-87e37c2051d9}</UniqueIdentifier>
    </Filter>
    <Filter Include="coresys">
      <UniqueIdentifier>{0ce93cfc-6fdb-46b3-bc42-32af59e659de}</UniqueIdentifier>
    </Filter>
    <Filter Include="jp2">
      <UniqueIdentifier>{86ba11d7-0a4b-4726-a982-5f345fedbdc4}</UniqueIdentifier>
    </Filter>
    <Filter Include="compressed_io">
      <UniqueIdentifier>{84a54849-8f77-41c3-b08b-088e513b6426}</UniqueIdentifier>
    </Filter>
    <Filter Include="client_server_common">
      <UniqueIdentifier>{f91c7fa5-4994-4e4f-9b20-80283022d187}</UniqueIdentifier>
    </Filter>
  </ItemGroup>
  <ItemGroup>
    <ClCompile Include="connection.cpp">
      <Filter>main</Filter>
    </ClCompile>
    <ClCompile Include="delivery.cpp">
      <Filter>main</Filter>
    </ClCompile>
    <ClCompile Include="kdu_serve.cpp">
      <Filter>main</Filter>
    </ClCompile>
    <ClCompile Include="kdu_server.cpp">
      <Filter>main</Filter>
    </ClCompile>
    <ClCompile Include="kdu_servex.cpp">
      <Filter>main</Filter>
    </ClCompile>
    <ClCompile Include="..\args\args.cpp">
      <Filter>args</Filter>
    </ClCompile>
    <ClCompile Include="..\jp2\jp2.cpp">
      <Filter>jp2</Filter>
    </ClCompile>
    <ClCompile Include="..\caching_sources\client_server.cpp">
      <Filter>client_server_common</Filter>
    </ClCompile>
    <ClCompile Include="..\caching_sources\client_server_comms.cpp">
      <Filter>client_server_common</Filter>
    </ClCompile>
    <ClCompile Include="kdu_security.cpp">
      <Filter>client_server_common</Filter>
    </ClCompile>
  </ItemGroup>
  <ItemGroup>
    <ClInclude Include="kdu_serve.h">
      <Filter>main</Filter>
    </ClInclude>
    <ClInclude Include="kdu_servex.h">
      <Filter>main</Filter>
    </ClInclude>
    <ClInclude Include="serve_local.h">
      <Filter>main</Filter>
    </ClInclude>
    <ClInclude Include="server_local.h">
      <Filter>main</Filter>
    </ClInclude>
    <ClInclude Include="servex_local.h">
      <Filter>main</Filter>
    </ClInclude>
    <ClInclude Include="..\args\kdu_args.h">
      <Filter>args</Filter>
    </ClInclude>
    <ClInclude Include="..\..\coresys\common\kdu_compressed.h">
      <Filter>coresys</Filter>
    </ClInclude>
    <ClInclude Include="..\..\coresys\common\kdu_elementary.h">
      <Filter>coresys</Filter>
    </ClInclude>
    <ClInclude Include="..\..\coresys\common\kdu_messaging.h">
      <Filter>coresys</Filter>
    </ClInclude>
    <ClInclude Include="..\..\coresys\common\kdu_params.h">
      <Filter>coresys</Filter>
    </ClInclude>
    <ClInclude Include="..\..\coresys\common\kdu_sample_processing.h">
      <Filter>coresys</Filter>
    </ClInclude>
    <ClInclude Include="..\..\coresys\common\kdu_utils.h">
      <Filter>coresys</Filter>
    </ClInclude>
    <ClInclude Include="..\jp2\jp2_local.h">
      <Filter>jp2</Filter>
    </ClInclude>
    <ClInclude Include="..\jp2\jp2_shared.h">
      <Filter>jp2</Filter>
    </ClInclude>
    <ClInclude Include="..\compressed_io\jp2.h">
      <Filter>compressed_io</Filter>
    </ClInclude>
    <ClInclude Include="..\compressed_io\kdu_cache.h">
      <Filter>compressed_io</Filter>
    </ClInclude>
    <ClInclude Include="..\compressed_io\kdu_file_io.h">
      <Filter>compressed_io</Filter>
    </ClInclude>
    <ClInclude Include="..\caching_sources\client_server_comms.h">
      <Filter>client_server_common</Filter>
    </ClInclude>
    <ClInclude Include="..\compressed_io\kdu_client_window.h">
      <Filter>client_server_common</Filter>
    </ClInclude>
    <ClInclude Include="kdu_security.h">
      <Filter>client_server_common</Filter>
    </ClInclude>
  </ItemGroup>
</Project>