<?xml version="1.0" encoding="utf-8"?>
<Project ToolsVersion="4.0" xmlns="http://schemas.microsoft.com/developer/msbuild/2003">
  <ItemGroup>
    <Filter Include="main">
      <UniqueIdentifier>{232548c4-70da-4877-aaa4-c77fe573dee9}</UniqueIdentifier>
    </Filter>
    <Filter Include="coresys">
      <UniqueIdentifier>{ba69278a-221e-4a12-a962-60d735944699}</UniqueIdentifier>
    </Filter>
  </ItemGroup>
  <ItemGroup>
    <ClCompile Include="kdu_maketlm.cpp">
      <Filter>main</Filter>
    </ClCompile>
    <ClCompile Include="..\..\coresys\messaging\messaging.cpp">
      <Filter>coresys</Filter>
    </ClCompile>
  </ItemGroup>
  <ItemGroup>
    <ClInclude Include="kdu_maketlm.h">
      <Filter>main</Filter>
    </ClInclude>
    <ClInclude Include="..\..\coresys\common\kdu_compressed.h">
      <Filter>coresys</Filter>
    </ClInclude>
    <ClInclude Include="..\..\coresys\common\kdu_elementary.h">
      <Filter>coresys</Filter>
    </ClInclude>
    <ClInclude Include="..\..\coresys\common\kdu_messaging.h">
      <Filter>coresys</Filter>
    </ClInclude>
    <ClInclude Include="..\..\coresys\common\kdu_params.h">
      <Filter>coresys</Filter>
    </ClInclude>
    <ClInclude Include="..\..\coresys\common\kdu_utils.h">
      <Filter>coresys</Filter>
    </ClInclude>
  </ItemGroup>
</Project>