<?xml version="1.0" encoding="utf-8"?>
<Project ToolsVersion="4.0" xmlns="http://schemas.microsoft.com/developer/msbuild/2003">
  <ItemGroup>
    <Filter Include="main">
      <UniqueIdentifier>{278dada2-067d-4e64-af29-957d739192e1}</UniqueIdentifier>
    </Filter>
    <Filter Include="coresys">
      <UniqueIdentifier>{cd3595d9-48df-456e-8dbc-d24f4a5eb1af}</UniqueIdentifier>
    </Filter>
  </ItemGroup>
  <ItemGroup>
    <ClCompile Include="kdu_maketlm.cpp">
      <Filter>main</Filter>
    </ClCompile>
    <ClCompile Include="..\..\coresys\messaging\messaging.cpp">
      <Filter>coresys</Filter>
    </ClCompile>
  </ItemGroup>
  <ItemGroup>
    <ClInclude Include="kdu_maketlm.h">
      <Filter>main</Filter>
    </ClInclude>
    <ClInclude Include="..\..\coresys\common\kdu_compressed.h">
      <Filter>coresys</Filter>
    </ClInclude>
    <ClInclude Include="..\..\coresys\common\kdu_elementary.h">
      <Filter>coresys</Filter>
    </ClInclude>
    <ClInclude Include="..\..\coresys\common\kdu_messaging.h">
      <Filter>coresys</Filter>
    </ClInclude>
    <ClInclude Include="..\..\coresys\common\kdu_params.h">
      <Filter>coresys</Filter>
    </ClInclude>
    <ClInclude Include="..\..\coresys\common\kdu_utils.h">
      <Filter>coresys</Filter>
    </ClInclude>
  </ItemGroup>
</Project>