<?xml version="1.0" encoding="utf-8"?>
<Project ToolsVersion="4.0" xmlns="http://schemas.microsoft.com/developer/msbuild/2003">
  <ItemGroup>
    <Filter Include="main">
      <UniqueIdentifier>{cc9ff4c7-fdec-4af1-811d-43569041e8c8}</UniqueIdentifier>
    </Filter>
    <Filter Include="args">
      <UniqueIdentifier>{80a1806f-a560-4db8-a99e-f73c5a937a89}</UniqueIdentifier>
    </Filter>
    <Filter Include="coresys">
      <UniqueIdentifier>{ca7ad95e-1433-4f01-9029-5cc9231a819b}</UniqueIdentifier>
    </Filter>
    <Filter Include="compressed_io">
      <UniqueIdentifier>{cc2df264-b023-4474-8826-7c546e7c993d}</UniqueIdentifier>
    </Filter>
    <Filter Include="jp2">
      <UniqueIdentifier>{fdba194b-1c28-4d2b-8062-2c140da289b7}</UniqueIdentifier>
    </Filter>
  </ItemGroup>
  <ItemGroup>
    <ClCompile Include="kdu_merge.cpp">
      <Filter>main</Filter>
    </ClCompile>
    <ClCompile Include="..\args\args.cpp">
      <Filter>args</Filter>
    </ClCompile>
    <ClCompile Include="..\jp2\jp2.cpp">
      <Filter>jp2</Filter>
    </ClCompile>
    <ClCompile Include="..\jp2\jpx.cpp">
      <Filter>jp2</Filter>
    </ClCompile>
    <ClCompile Include="..\jp2\mj2.cpp">
      <Filter>jp2</Filter>
    </ClCompile>
  </ItemGroup>
  <ItemGroup>
    <ClInclude Include="kdu_merge.h">
      <Filter>main</Filter>
    </ClInclude>
    <ClInclude Include="..\args\kdu_args.h">
      <Filter>args</Filter>
    </ClInclude>
    <ClInclude Include="..\..\coresys\common\kdu_compressed.h">
      <Filter>coresys</Filter>
    </ClInclude>
    <ClInclude Include="..\..\coresys\common\kdu_elementary.h">
      <Filter>coresys</Filter>
    </ClInclude>
    <ClInclude Include="..\..\coresys\common\kdu_messaging.h">
      <Filter>coresys</Filter>
    </ClInclude>
    <ClInclude Include="..\..\coresys\common\kdu_params.h">
      <Filter>coresys</Filter>
    </ClInclude>
    <ClInclude Include="..\..\coresys\common\kdu_sample_processing.h">
      <Filter>coresys</Filter>
    </ClInclude>
    <ClInclude Include="..\..\coresys\common\kdu_utils.h">
      <Filter>coresys</Filter>
    </ClInclude>
    <ClInclude Include="..\compressed_io\jp2.h">
      <Filter>compressed_io</Filter>
    </ClInclude>
    <ClInclude Include="..\compressed_io\jpx.h">
      <Filter>compressed_io</Filter>
    </ClInclude>
    <ClInclude Include="..\compressed_io\kdu_cache.h">
      <Filter>compressed_io</Filter>
    </ClInclude>
    <ClInclude Include="..\compressed_io\kdu_file_io.h">
      <Filter>compressed_io</Filter>
    </ClInclude>
    <ClInclude Include="..\compressed_io\kdu_video_io.h">
      <Filter>compressed_io</Filter>
    </ClInclude>
    <ClInclude Include="..\compressed_io\mj2.h">
      <Filter>compressed_io</Filter>
    </ClInclude>
    <ClInclude Include="..\jp2\jp2_local.h">
      <Filter>jp2</Filter>
    </ClInclude>
    <ClInclude Include="..\jp2\jp2_shared.h">
      <Filter>jp2</Filter>
    </ClInclude>
    <ClInclude Include="..\jp2\jpx_local.h">
      <Filter>jp2</Filter>
    </ClInclude>
    <ClInclude Include="..\jp2\mj2_local.h">
      <Filter>jp2</Filter>
    </ClInclude>
  </ItemGroup>
</Project>