<?xml version="1.0" encoding="utf-8"?>
<Project ToolsVersion="4.0" xmlns="http://schemas.microsoft.com/developer/msbuild/2003">
  <ItemGroup>
    <Filter Include="main">
      <UniqueIdentifier>{244a2042-4375-4806-b3ed-129e3aab9982}</UniqueIdentifier>
    </Filter>
    <Filter Include="args">
      <UniqueIdentifier>{a0c61762-50b6-4949-b274-a080deb2c41d}</UniqueIdentifier>
    </Filter>
    <Filter Include="coresys">
      <UniqueIdentifier>{21cac5cd-6818-47dd-992b-d6cbefe06280}</UniqueIdentifier>
    </Filter>
    <Filter Include="client_server_common">
      <UniqueIdentifier>{753438a6-95c9-49bf-992e-fc3010eb4124}</UniqueIdentifier>
    </Filter>
  </ItemGroup>
  <ItemGroup>
    <ClCompile Include="kdu_server_admin.cpp">
      <Filter>main</Filter>
    </ClCompile>
    <ClCompile Include="..\args\args.cpp">
      <Filter>args</Filter>
    </ClCompile>
    <ClCompile Include="..\..\coresys\messaging\messaging.cpp">
      <Filter>coresys</Filter>
    </ClCompile>
    <ClCompile Include="..\caching_sources\client_server_comms.cpp">
      <Filter>client_server_common</Filter>
    </ClCompile>
    <ClCompile Include="..\kdu_server\kdu_security.cpp">
      <Filter>client_server_common</Filter>
    </ClCompile>
  </ItemGroup>
  <ItemGroup>
    <ClInclude Include="..\args\kdu_args.h">
      <Filter>args</Filter>
    </ClInclude>
    <ClInclude Include="..\..\coresys\common\kdu_elementary.h">
      <Filter>coresys</Filter>
    </ClInclude>
    <ClInclude Include="..\..\coresys\common\kdu_messaging.h">
      <Filter>coresys</Filter>
    </ClInclude>
    <ClInclude Include="..\caching_sources\client_server_comms.h">
      <Filter>client_server_common</Filter>
    </ClInclude>
    <ClInclude Include="..\kdu_server\kdu_security.h">
      <Filter>client_server_common</Filter>
    </ClInclude>
  </ItemGroup>
</Project>